
Microsoft Visual Studio Solution File, Format Version 12.00
# Visual Studio Version 16
VisualStudioVersion = 16.0.30503.244
MinimumVisualStudioVersion = 10.0.40219.1
Project("{FAE04EC0-301F-11D3-BF4B-00C04F79EFBC}") = "Utilities", "Utilities\Utilities.csproj", "{1C0CE2B3-7398-411D-9812-7D0A00924977}"
EndProject
Project("{FAE04EC0-301F-11D3-BF4B-00C04F79EFBC}") = "MongoRepository", "MongoRepository\MongoRepository.csproj", "{B77F8037-6EAE-4EE9-8D6B-87F737185BFA}"
EndProject
Global
	GlobalSection(SolutionConfigurationPlatforms) = preSolution
		Debug|Any CPU = Debug|Any CPU
		Release|Any CPU = Release|Any CPU
	EndGlobalSection
	GlobalSection(ProjectConfigurationPlatforms) = postSolution
		{1C0CE2B3-7398-411D-9812-7D0A00924977}.Debug|Any CPU.ActiveCfg = Debug|Any CPU
		{1C0CE2B3-7398-411D-9812-7D0A00924977}.Debug|Any CPU.Build.0 = Debug|Any CPU
		{1C0CE2B3-7398-411D-9812-7D0A00924977}.Release|Any CPU.ActiveCfg = Release|Any CPU
		{1C0CE2B3-7398-411D-9812-7D0A00924977}.Release|Any CPU.Build.0 = Release|Any CPU
		{B77F8037-6EAE-4EE9-8D6B-87F737185BFA}.Debug|Any CPU.ActiveCfg = Debug|Any CPU
		{B77F8037-6EAE-4EE9-8D6B-87F737185BFA}.Debug|Any CPU.Build.0 = Debug|Any CPU
		{B77F8037-6EAE-4EE9-8D6B-87F737185BFA}.Release|Any CPU.ActiveCfg = Release|Any CPU
		{B77F8037-6EAE-4EE9-8D6B-87F737185BFA}.Release|Any CPU.Build.0 = Release|Any CPU
	EndGlobalSection
	GlobalSection(SolutionProperties) = preSolution
		HideSolutionNode = FALSE
	EndGlobalSection
	GlobalSection(ExtensibilityGlobals) = postSolution
		SolutionGuid = {275DE788-26FD-4013-B4C0-A0B3A5476F26}
	EndGlobalSection
EndGlobal
