
Microsoft Visual Studio Solution File, Format Version 12.00
# Visual Studio Version 16
VisualStudioVersion = 16.0.30503.244
MinimumVisualStudioVersion = 10.0.40219.1
Project("{9A19103F-16F7-4668-BE54-9A1E7A4F7556}") = "Utilities", "Utilities\Utilities.csproj", "{1C0CE2B3-7398-411D-9812-7D0A00924977}"
EndProject
Project("{9A19103F-16F7-4668-BE54-9A1E7A4F7556}") = "MongoRepository", "MongoRepository\MongoRepository.csproj", "{B77F8037-6EAE-4EE9-8D6B-87F737185BFA}"
EndProject
Project("{2150E333-8FDC-42A3-9474-1A3956D46DE8}") = "Solution Items", "Solution Items", "{78C1A92C-36A1-4704-B5FB-6BC97145196F}"
	ProjectSection(SolutionItems) = preProject
		README.md = README.md
	EndProjectSection
EndProject
Project("{2150E333-8FDC-42A3-9474-1A3956D46DE8}") = "Doc", "Doc", "{6EFB5EE6-DE79-431E-847E-8F56E5817EDC}"
	ProjectSection(SolutionItems) = preProject
		Doc\APICalls.md = Doc\APICalls.md
		Doc\Database.md = Doc\Database.md
		Doc\Overview.md = Doc\Overview.md
	EndProjectSection
EndProject
Project("{9A19103F-16F7-4668-BE54-9A1E7A4F7556}") = "Models", "Models\Models.csproj", "{FE693CA1-D017-4AAD-900C-8E5555C93FBD}"
EndProject
Project("{9A19103F-16F7-4668-BE54-9A1E7A4F7556}") = "ISRApiHandler", "ISRApiHandler\ISRApiHandler.csproj", "{C56E99AA-960F-4347-B5D6-EBD2B8E3B25A}"
EndProject
Project("{9A19103F-16F7-4668-BE54-9A1E7A4F7556}") = "UpdateIndexFilesInS3", "UpdateIndexFilesInS3\UpdateIndexFilesInS3.csproj", "{4FBFA52F-5E2B-46F2-AD96-A8F243AEF7AE}"
EndProject
Project("{9A19103F-16F7-4668-BE54-9A1E7A4F7556}") = "DailyPriceFetch", "DailyPriceFetch\DailyPriceFetch.csproj", "{86B31A1C-538F-4413-9BC7-AE548F8EC5B8}"
EndProject
Project("{9A19103F-16F7-4668-BE54-9A1E7A4F7556}") = "RunLambdaService", "RunLambdaService\RunLambdaService.csproj", "{779E4133-D9C8-40EF-ABFE-CDA2E6DD81E9}"
EndProject
Project("{FAE04EC0-301F-11D3-BF4B-00C04F79EFBC}") = "CommonUtils", "CommonUtils\CommonUtils.csproj", "{23B4AF1B-DA9F-4C84-9AEC-376A040D16C8}"
EndProject
Global
	GlobalSection(SolutionConfigurationPlatforms) = preSolution
		Debug|Any CPU = Debug|Any CPU
		Release|Any CPU = Release|Any CPU
	EndGlobalSection
	GlobalSection(ProjectConfigurationPlatforms) = postSolution
		{1C0CE2B3-7398-411D-9812-7D0A00924977}.Debug|Any CPU.ActiveCfg = Debug|Any CPU
		{1C0CE2B3-7398-411D-9812-7D0A00924977}.Debug|Any CPU.Build.0 = Debug|Any CPU
		{1C0CE2B3-7398-411D-9812-7D0A00924977}.Release|Any CPU.ActiveCfg = Release|Any CPU
		{1C0CE2B3-7398-411D-9812-7D0A00924977}.Release|Any CPU.Build.0 = Release|Any CPU
		{B77F8037-6EAE-4EE9-8D6B-87F737185BFA}.Debug|Any CPU.ActiveCfg = Debug|Any CPU
		{B77F8037-6EAE-4EE9-8D6B-87F737185BFA}.Debug|Any CPU.Build.0 = Debug|Any CPU
		{B77F8037-6EAE-4EE9-8D6B-87F737185BFA}.Release|Any CPU.ActiveCfg = Release|Any CPU
		{B77F8037-6EAE-4EE9-8D6B-87F737185BFA}.Release|Any CPU.Build.0 = Release|Any CPU
		{FE693CA1-D017-4AAD-900C-8E5555C93FBD}.Debug|Any CPU.ActiveCfg = Debug|Any CPU
		{FE693CA1-D017-4AAD-900C-8E5555C93FBD}.Debug|Any CPU.Build.0 = Debug|Any CPU
		{FE693CA1-D017-4AAD-900C-8E5555C93FBD}.Release|Any CPU.ActiveCfg = Release|Any CPU
		{FE693CA1-D017-4AAD-900C-8E5555C93FBD}.Release|Any CPU.Build.0 = Release|Any CPU
		{C56E99AA-960F-4347-B5D6-EBD2B8E3B25A}.Debug|Any CPU.ActiveCfg = Debug|Any CPU
		{C56E99AA-960F-4347-B5D6-EBD2B8E3B25A}.Debug|Any CPU.Build.0 = Debug|Any CPU
		{C56E99AA-960F-4347-B5D6-EBD2B8E3B25A}.Release|Any CPU.ActiveCfg = Release|Any CPU
		{C56E99AA-960F-4347-B5D6-EBD2B8E3B25A}.Release|Any CPU.Build.0 = Release|Any CPU
		{4FBFA52F-5E2B-46F2-AD96-A8F243AEF7AE}.Debug|Any CPU.ActiveCfg = Debug|Any CPU
		{4FBFA52F-5E2B-46F2-AD96-A8F243AEF7AE}.Debug|Any CPU.Build.0 = Debug|Any CPU
		{4FBFA52F-5E2B-46F2-AD96-A8F243AEF7AE}.Release|Any CPU.ActiveCfg = Release|Any CPU
		{4FBFA52F-5E2B-46F2-AD96-A8F243AEF7AE}.Release|Any CPU.Build.0 = Release|Any CPU
		{86B31A1C-538F-4413-9BC7-AE548F8EC5B8}.Debug|Any CPU.ActiveCfg = Debug|Any CPU
		{86B31A1C-538F-4413-9BC7-AE548F8EC5B8}.Debug|Any CPU.Build.0 = Debug|Any CPU
		{86B31A1C-538F-4413-9BC7-AE548F8EC5B8}.Release|Any CPU.ActiveCfg = Release|Any CPU
		{86B31A1C-538F-4413-9BC7-AE548F8EC5B8}.Release|Any CPU.Build.0 = Release|Any CPU
		{779E4133-D9C8-40EF-ABFE-CDA2E6DD81E9}.Debug|Any CPU.ActiveCfg = Debug|Any CPU
		{779E4133-D9C8-40EF-ABFE-CDA2E6DD81E9}.Debug|Any CPU.Build.0 = Debug|Any CPU
		{779E4133-D9C8-40EF-ABFE-CDA2E6DD81E9}.Release|Any CPU.ActiveCfg = Release|Any CPU
		{779E4133-D9C8-40EF-ABFE-CDA2E6DD81E9}.Release|Any CPU.Build.0 = Release|Any CPU
		{23B4AF1B-DA9F-4C84-9AEC-376A040D16C8}.Debug|Any CPU.ActiveCfg = Debug|Any CPU
		{23B4AF1B-DA9F-4C84-9AEC-376A040D16C8}.Debug|Any CPU.Build.0 = Debug|Any CPU
		{23B4AF1B-DA9F-4C84-9AEC-376A040D16C8}.Release|Any CPU.ActiveCfg = Release|Any CPU
		{23B4AF1B-DA9F-4C84-9AEC-376A040D16C8}.Release|Any CPU.Build.0 = Release|Any CPU
	EndGlobalSection
	GlobalSection(SolutionProperties) = preSolution
		HideSolutionNode = FALSE
	EndGlobalSection
	GlobalSection(NestedProjects) = preSolution
		{6EFB5EE6-DE79-431E-847E-8F56E5817EDC} = {78C1A92C-36A1-4704-B5FB-6BC97145196F}
	EndGlobalSection
	GlobalSection(ExtensibilityGlobals) = postSolution
		SolutionGuid = {275DE788-26FD-4013-B4C0-A0B3A5476F26}
	EndGlobalSection
EndGlobal
